{
	"name": "@pika/types",
	"version": "0.3.12",
	"lockfileVersion": 1,
	"requires": true,
	"dependencies": {
		"@types/node": {
			"version": "10.12.29",
			"resolved": "https://registry.npmjs.org/@types/node/-/node-10.12.29.tgz",
			"integrity": "sha512-J/tnbnj8HcsBgCe2apZbdUpQ7hs4d7oZNTYA5bekWdP0sr2NGsOpI/HRdDroEi209tEvTcTtxhD0FfED3DhEcw==",
			"dev": true
		}
	}
}
