{
	"name": "@pika/types",
	"version": "0.4.0",
	"lockfileVersion": 1,
	"requires": true,
	"dependencies": {
		"@types/node": {
			"version": "10.14.13",
			"resolved": "https://registry.npmjs.org/@types/node/-/node-10.14.13.tgz",
			"integrity": "sha512-yN/FNNW1UYsRR1wwAoyOwqvDuLDtVXnaJTZ898XIw/Q5cCaeVAlVwvsmXLX5PuiScBYwZsZU4JYSHB3TvfdwvQ==",
			"dev": true
		}
	}
}
