{
	"name": "@pika/types",
	"version": "0.4.0",
	"lockfileVersion": 1,
	"requires": true,
	"dependencies": {
		"@types/node": {
			"version": "10.14.7",
			"resolved": "https://registry.npmjs.org/@types/node/-/node-10.14.7.tgz",
			"integrity": "sha512-on4MmIDgHXiuJDELPk1NFaKVUxxCFr37tm8E9yN6rAiF5Pzp/9bBfBHkoexqRiY+hk/Z04EJU9kKEb59YqJ82A==",
			"dev": true
		}
	}
}
